
Microsoft Visual Studio Solution File, Format Version 12.00
Project("{FAE04EC0-301F-11D3-BF4B-00C04F79EFBC}") = "Scrapers", "Scrapers\Scrapers.csproj", "{546D4CF5-25CF-4261-B688-E8E4E924EEAE}"
EndProject
Project("{FAE04EC0-301F-11D3-BF4B-00C04F79EFBC}") = "Scrapers.Tests", "Scrapers.Tests\Scrapers.Tests.csproj", "{D5D35D56-7F2A-48A0-AE1D-2FDF5EC2BC58}"
EndProject
Project("{FAE04EC0-301F-11D3-BF4B-00C04F79EFBC}") = "Scrapers.IntegrationTests", "Scrapers.IntegrationTests\Scrapers.IntegrationTests.csproj", "{B1E4051A-4C46-4CA6-9190-67ABA1989688}"
EndProject
Global
	GlobalSection(SolutionConfigurationPlatforms) = preSolution
		Debug|Any CPU = Debug|Any CPU
		Release|Any CPU = Release|Any CPU
	EndGlobalSection
	GlobalSection(ProjectConfigurationPlatforms) = postSolution
		{546D4CF5-25CF-4261-B688-E8E4E924EEAE}.Debug|Any CPU.ActiveCfg = Debug|Any CPU
		{546D4CF5-25CF-4261-B688-E8E4E924EEAE}.Debug|Any CPU.Build.0 = Debug|Any CPU
		{546D4CF5-25CF-4261-B688-E8E4E924EEAE}.Release|Any CPU.ActiveCfg = Release|Any CPU
		{546D4CF5-25CF-4261-B688-E8E4E924EEAE}.Release|Any CPU.Build.0 = Release|Any CPU
		{D5D35D56-7F2A-48A0-AE1D-2FDF5EC2BC58}.Debug|Any CPU.ActiveCfg = Debug|Any CPU
		{D5D35D56-7F2A-48A0-AE1D-2FDF5EC2BC58}.Debug|Any CPU.Build.0 = Debug|Any CPU
		{D5D35D56-7F2A-48A0-AE1D-2FDF5EC2BC58}.Release|Any CPU.ActiveCfg = Release|Any CPU
		{D5D35D56-7F2A-48A0-AE1D-2FDF5EC2BC58}.Release|Any CPU.Build.0 = Release|Any CPU
		{B1E4051A-4C46-4CA6-9190-67ABA1989688}.Debug|Any CPU.ActiveCfg = Debug|Any CPU
		{B1E4051A-4C46-4CA6-9190-67ABA1989688}.Debug|Any CPU.Build.0 = Debug|Any CPU
		{B1E4051A-4C46-4CA6-9190-67ABA1989688}.Release|Any CPU.ActiveCfg = Release|Any CPU
		{B1E4051A-4C46-4CA6-9190-67ABA1989688}.Release|Any CPU.Build.0 = Release|Any CPU
	EndGlobalSection
EndGlobal
